cookbook 'apt', :locked_version => '1.10.0'
cookbook 'git', :locked_version => '2.5.0'
cookbook 'ruby_build', :locked_version => '0.7.2'
cookbook 'rbenv', :git => 'git://github.com/fnichol/chef-rbenv.git', :ref => 'e10f98d5fd07bdb8d212ebf42160b65c39036b90'
cookbook 'dmg', :locked_version => '1.1.0'
cookbook 'build-essential', :locked_version => '1.4.0'
cookbook 'yum', :locked_version => '2.2.2'
cookbook 'windows', :locked_version => '1.8.10'
cookbook 'chef_handler', :locked_version => '1.1.4'
cookbook 'runit', :locked_version => '1.1.4'
cookbook 'java', :locked_version => '1.11.4'